# This file was autogenerated by uv via the following command:
#    uv pip compile pyproject.toml --extra test -o requirements-dev.lock
beautifulsoup4==4.14.2
    # via git-release-notes (pyproject.toml)
behave==1.3.3
    # via git-release-notes (pyproject.toml)
certifi==2025.10.5
    # via requests
charset-normalizer==3.4.3
    # via requests
colorama==0.4.6
    # via behave
cucumber-expressions==18.0.1
    # via behave
cucumber-tag-expressions==7.0.0
    # via behave
et-xmlfile==2.0.0
    # via openpyxl
exceptiongroup==1.3.0
    # via pytest
greenlet==3.2.4
    # via playwright
idna==3.10
    # via requests
iniconfig==2.1.0
    # via pytest
numpy==2.0.2
    # via pandas
openpyxl==3.1.5
    # via git-release-notes (pyproject.toml)
packaging==25.0
    # via pytest
pandas==2.3.3
    # via git-release-notes (pyproject.toml)
parse==1.20.2
    # via
    #   behave
    #   parse-type
parse-type==0.6.6
    # via behave
playwright==1.55.0
    # via git-release-notes (pyproject.toml)
pluggy==1.6.0
    # via pytest
pyee==13.0.0
    # via playwright
pygments==2.19.2
    # via pytest
pyhamcrest==2.1.0
    # via git-release-notes (pyproject.toml)
pytest==8.4.2
    # via git-release-notes (pyproject.toml)
python-dateutil==2.9.0.post0
    # via pandas
pytz==2025.2
    # via pandas
requests==2.32.5
    # via git-release-notes (pyproject.toml)
ruff==0.14.0
    # via git-release-notes (pyproject.toml)
six==1.17.0
    # via
    #   behave
    #   parse-type
    #   python-dateutil
soupsieve==2.8
    # via beautifulsoup4
tomli==2.3.0
    # via
    #   behave
    #   pytest
tornado==6.5.2
    # via git-release-notes (pyproject.toml)
typing-extensions==4.15.0
    # via
    #   beautifulsoup4
    #   exceptiongroup
    #   pyee
tzdata==2025.2
    # via pandas
urllib3==2.5.0
    # via requests
win-unicode-console==0.5
    # via behave
